
Microsoft Visual Studio Solution File, Format Version 12.00
# Visual Studio Version 17
VisualStudioVersion = 17.10.35122.118
MinimumVisualStudioVersion = 10.0.40219.1
Project("{FAE04EC0-301F-11D3-BF4B-00C04F79EFBC}") = "EsraaAtef_sun&wed_5PM_C#04", "EsraaAtef_sun&wed_5PM_C#04\EsraaAtef_sun&wed_5PM_C#04.csproj", "{3AC89D62-D460-4D2A-920C-B9C945E8655D}"
EndProject
Global
	GlobalSection(SolutionConfigurationPlatforms) = preSolution
		Debug|Any CPU = Debug|Any CPU
		Release|Any CPU = Release|Any CPU
	EndGlobalSection
	GlobalSection(ProjectConfigurationPlatforms) = postSolution
		{3AC89D62-D460-4D2A-920C-B9C945E8655D}.Debug|Any CPU.ActiveCfg = Debug|Any CPU
		{3AC89D62-D460-4D2A-920C-B9C945E8655D}.Debug|Any CPU.Build.0 = Debug|Any CPU
		{3AC89D62-D460-4D2A-920C-B9C945E8655D}.Release|Any CPU.ActiveCfg = Release|Any CPU
		{3AC89D62-D460-4D2A-920C-B9C945E8655D}.Release|Any CPU.Build.0 = Release|Any CPU
	EndGlobalSection
	GlobalSection(SolutionProperties) = preSolution
		HideSolutionNode = FALSE
	EndGlobalSection
	GlobalSection(ExtensibilityGlobals) = postSolution
		SolutionGuid = {AFB0598C-F376-4279-8B00-65A7AD5829AA}
	EndGlobalSection
EndGlobal
